
Microsoft Visual Studio Solution File, Format Version 12.00
# Visual Studio 15
VisualStudioVersion = 15.0.27703.2000
MinimumVisualStudioVersion = 10.0.40219.1
Project("{FAE04EC0-301F-11D3-BF4B-00C04F79EFBC}") = "Lithnet.Laps.Web", "Lithnet.Laps.Web\Lithnet.Laps.Web.csproj", "{AFF2B8F3-9BF2-4BDB-A841-F13AA9F4CEDC}"
EndProject
Project("{FAE04EC0-301F-11D3-BF4B-00C04F79EFBC}") = "Lithnet.Laps.WebTests", "Lithnet.Laps.WebTests\Lithnet.Laps.WebTests.csproj", "{CF9A8FD1-D9D9-4DB7-9ED6-31300AD7DFF8}"
EndProject
Project("{9A19103F-16F7-4668-BE54-9A1E7A4F7556}") = "Lithnet.Laps.DirectoryInterfaces", "Lithnet.Laps.DirectoryInterfaces\Lithnet.Laps.DirectoryInterfaces.csproj", "{5F080848-382A-4992-BE75-1869804780FE}"
EndProject
Project("{FAE04EC0-301F-11D3-BF4B-00C04F79EFBC}") = "Lithnet.Laps.ActiveDirectory", "Lithnet.Laps.ActiveDirectory\Lithnet.Laps.ActiveDirectory.csproj", "{B16663C0-C8F2-4EF2-98B8-022084B8165C}"
EndProject
Project("{FAE04EC0-301F-11D3-BF4B-00C04F79EFBC}") = "KuLeuven.Gbiomed.Laps.Security", "KuLeuven.Gbiomed.Laps.Security\KuLeuven.Gbiomed.Laps.Security.csproj", "{CC650006-F38E-4689-AAEE-83A1E4D71638}"
EndProject
Project("{FAE04EC0-301F-11D3-BF4B-00C04F79EFBC}") = "KuLeuven.GBiomed.Laps.Audit", "KuLeuven.GBiomed.Laps.Audit\KuLeuven.GBiomed.Laps.Audit.csproj", "{3EE5E88A-399D-403B-8A11-BD48880187A1}"
EndProject
Project("{FAE04EC0-301F-11D3-BF4B-00C04F79EFBC}") = "Lithnet.Laps.ConfigSection", "Lithnet.Laps.ConfigSection\Lithnet.Laps.ConfigSection.csproj", "{4F5E8153-9203-435D-9646-C309DA19A978}"
EndProject
Project("{FAE04EC0-301F-11D3-BF4B-00C04F79EFBC}") = "KuLeuven.GBiomed.Laps.AuditTests", "KuLeuven.GBiomed.Laps.AuditTests\KuLeuven.GBiomed.Laps.AuditTests.csproj", "{4B802670-EB05-4AB6-B70F-EF4D8D71CEA2}"
EndProject
Project("{FAE04EC0-301F-11D3-BF4B-00C04F79EFBC}") = "KuLeuven.Gbiomed.Laps.SecurityTests", "KuLeuven.Gbiomed.Laps.SecurityTests\KuLeuven.Gbiomed.Laps.SecurityTests.csproj", "{9D21A6F7-7CDE-4E5D-B1AD-B0C49DDC2F12}"
EndProject
Project("{FAE04EC0-301F-11D3-BF4B-00C04F79EFBC}") = "KuLeuven.GBiomed.Laps.Services", "KuLeuven.GBiomed.Laps.Services\KuLeuven.GBiomed.Laps.Services.csproj", "{34BDA1C0-E716-45BA-A9D7-AA717048E7FA}"
EndProject
Global
	GlobalSection(SolutionConfigurationPlatforms) = preSolution
		Debug|Any CPU = Debug|Any CPU
		Dev|Any CPU = Dev|Any CPU
		Release|Any CPU = Release|Any CPU
	EndGlobalSection
	GlobalSection(ProjectConfigurationPlatforms) = postSolution
		{AFF2B8F3-9BF2-4BDB-A841-F13AA9F4CEDC}.Debug|Any CPU.ActiveCfg = Debug|Any CPU
		{AFF2B8F3-9BF2-4BDB-A841-F13AA9F4CEDC}.Debug|Any CPU.Build.0 = Debug|Any CPU
		{AFF2B8F3-9BF2-4BDB-A841-F13AA9F4CEDC}.Dev|Any CPU.ActiveCfg = Debug|Any CPU
		{AFF2B8F3-9BF2-4BDB-A841-F13AA9F4CEDC}.Dev|Any CPU.Build.0 = Debug|Any CPU
		{AFF2B8F3-9BF2-4BDB-A841-F13AA9F4CEDC}.Release|Any CPU.ActiveCfg = Release|Any CPU
		{AFF2B8F3-9BF2-4BDB-A841-F13AA9F4CEDC}.Release|Any CPU.Build.0 = Release|Any CPU
		{CF9A8FD1-D9D9-4DB7-9ED6-31300AD7DFF8}.Debug|Any CPU.ActiveCfg = Debug|Any CPU
		{CF9A8FD1-D9D9-4DB7-9ED6-31300AD7DFF8}.Debug|Any CPU.Build.0 = Debug|Any CPU
		{CF9A8FD1-D9D9-4DB7-9ED6-31300AD7DFF8}.Dev|Any CPU.ActiveCfg = Debug|Any CPU
		{CF9A8FD1-D9D9-4DB7-9ED6-31300AD7DFF8}.Dev|Any CPU.Build.0 = Debug|Any CPU
		{CF9A8FD1-D9D9-4DB7-9ED6-31300AD7DFF8}.Release|Any CPU.ActiveCfg = Release|Any CPU
		{CF9A8FD1-D9D9-4DB7-9ED6-31300AD7DFF8}.Release|Any CPU.Build.0 = Release|Any CPU
		{5F080848-382A-4992-BE75-1869804780FE}.Debug|Any CPU.ActiveCfg = Debug|Any CPU
		{5F080848-382A-4992-BE75-1869804780FE}.Debug|Any CPU.Build.0 = Debug|Any CPU
		{5F080848-382A-4992-BE75-1869804780FE}.Dev|Any CPU.ActiveCfg = Debug|Any CPU
		{5F080848-382A-4992-BE75-1869804780FE}.Dev|Any CPU.Build.0 = Debug|Any CPU
		{5F080848-382A-4992-BE75-1869804780FE}.Release|Any CPU.ActiveCfg = Release|Any CPU
		{5F080848-382A-4992-BE75-1869804780FE}.Release|Any CPU.Build.0 = Release|Any CPU
		{B16663C0-C8F2-4EF2-98B8-022084B8165C}.Debug|Any CPU.ActiveCfg = Debug|Any CPU
		{B16663C0-C8F2-4EF2-98B8-022084B8165C}.Debug|Any CPU.Build.0 = Debug|Any CPU
		{B16663C0-C8F2-4EF2-98B8-022084B8165C}.Dev|Any CPU.ActiveCfg = Debug|Any CPU
		{B16663C0-C8F2-4EF2-98B8-022084B8165C}.Dev|Any CPU.Build.0 = Debug|Any CPU
		{B16663C0-C8F2-4EF2-98B8-022084B8165C}.Release|Any CPU.ActiveCfg = Release|Any CPU
		{B16663C0-C8F2-4EF2-98B8-022084B8165C}.Release|Any CPU.Build.0 = Release|Any CPU
		{CC650006-F38E-4689-AAEE-83A1E4D71638}.Debug|Any CPU.ActiveCfg = Debug|Any CPU
		{CC650006-F38E-4689-AAEE-83A1E4D71638}.Debug|Any CPU.Build.0 = Debug|Any CPU
		{CC650006-F38E-4689-AAEE-83A1E4D71638}.Dev|Any CPU.ActiveCfg = Debug|Any CPU
		{CC650006-F38E-4689-AAEE-83A1E4D71638}.Dev|Any CPU.Build.0 = Debug|Any CPU
		{CC650006-F38E-4689-AAEE-83A1E4D71638}.Release|Any CPU.ActiveCfg = Release|Any CPU
		{CC650006-F38E-4689-AAEE-83A1E4D71638}.Release|Any CPU.Build.0 = Release|Any CPU
		{3EE5E88A-399D-403B-8A11-BD48880187A1}.Debug|Any CPU.ActiveCfg = Debug|Any CPU
		{3EE5E88A-399D-403B-8A11-BD48880187A1}.Debug|Any CPU.Build.0 = Debug|Any CPU
		{3EE5E88A-399D-403B-8A11-BD48880187A1}.Dev|Any CPU.ActiveCfg = Debug|Any CPU
		{3EE5E88A-399D-403B-8A11-BD48880187A1}.Dev|Any CPU.Build.0 = Debug|Any CPU
		{3EE5E88A-399D-403B-8A11-BD48880187A1}.Release|Any CPU.ActiveCfg = Release|Any CPU
		{3EE5E88A-399D-403B-8A11-BD48880187A1}.Release|Any CPU.Build.0 = Release|Any CPU
		{4F5E8153-9203-435D-9646-C309DA19A978}.Debug|Any CPU.ActiveCfg = Debug|Any CPU
		{4F5E8153-9203-435D-9646-C309DA19A978}.Debug|Any CPU.Build.0 = Debug|Any CPU
		{4F5E8153-9203-435D-9646-C309DA19A978}.Dev|Any CPU.ActiveCfg = Debug|Any CPU
		{4F5E8153-9203-435D-9646-C309DA19A978}.Dev|Any CPU.Build.0 = Debug|Any CPU
		{4F5E8153-9203-435D-9646-C309DA19A978}.Release|Any CPU.ActiveCfg = Release|Any CPU
		{4F5E8153-9203-435D-9646-C309DA19A978}.Release|Any CPU.Build.0 = Release|Any CPU
		{4B802670-EB05-4AB6-B70F-EF4D8D71CEA2}.Debug|Any CPU.ActiveCfg = Debug|Any CPU
		{4B802670-EB05-4AB6-B70F-EF4D8D71CEA2}.Debug|Any CPU.Build.0 = Debug|Any CPU
		{4B802670-EB05-4AB6-B70F-EF4D8D71CEA2}.Dev|Any CPU.ActiveCfg = Debug|Any CPU
		{4B802670-EB05-4AB6-B70F-EF4D8D71CEA2}.Dev|Any CPU.Build.0 = Debug|Any CPU
		{4B802670-EB05-4AB6-B70F-EF4D8D71CEA2}.Release|Any CPU.ActiveCfg = Release|Any CPU
		{4B802670-EB05-4AB6-B70F-EF4D8D71CEA2}.Release|Any CPU.Build.0 = Release|Any CPU
		{9D21A6F7-7CDE-4E5D-B1AD-B0C49DDC2F12}.Debug|Any CPU.ActiveCfg = Debug|Any CPU
		{9D21A6F7-7CDE-4E5D-B1AD-B0C49DDC2F12}.Debug|Any CPU.Build.0 = Debug|Any CPU
		{9D21A6F7-7CDE-4E5D-B1AD-B0C49DDC2F12}.Dev|Any CPU.ActiveCfg = Debug|Any CPU
		{9D21A6F7-7CDE-4E5D-B1AD-B0C49DDC2F12}.Dev|Any CPU.Build.0 = Debug|Any CPU
		{9D21A6F7-7CDE-4E5D-B1AD-B0C49DDC2F12}.Release|Any CPU.ActiveCfg = Release|Any CPU
		{9D21A6F7-7CDE-4E5D-B1AD-B0C49DDC2F12}.Release|Any CPU.Build.0 = Release|Any CPU
		{34BDA1C0-E716-45BA-A9D7-AA717048E7FA}.Debug|Any CPU.ActiveCfg = Debug|Any CPU
		{34BDA1C0-E716-45BA-A9D7-AA717048E7FA}.Debug|Any CPU.Build.0 = Debug|Any CPU
		{34BDA1C0-E716-45BA-A9D7-AA717048E7FA}.Dev|Any CPU.ActiveCfg = Debug|Any CPU
		{34BDA1C0-E716-45BA-A9D7-AA717048E7FA}.Dev|Any CPU.Build.0 = Debug|Any CPU
		{34BDA1C0-E716-45BA-A9D7-AA717048E7FA}.Release|Any CPU.ActiveCfg = Release|Any CPU
		{34BDA1C0-E716-45BA-A9D7-AA717048E7FA}.Release|Any CPU.Build.0 = Release|Any CPU
	EndGlobalSection
	GlobalSection(SolutionProperties) = preSolution
		HideSolutionNode = FALSE
	EndGlobalSection
	GlobalSection(ExtensibilityGlobals) = postSolution
		SolutionGuid = {9CD0854C-BB55-4ACD-9C02-7944A982D6B9}
	EndGlobalSection
EndGlobal
